// !$*UTF8*$!
{
	archiveVersion = 1;
	classes = {
	};
	objectVersion = 50;
	objects = {

/* Begin PBXBuildFile section */
		DCA0534023DF48B100971DB0 /* AppDelegate.swift in Sources */ = {isa = PBXBuildFile; fileRef = DCA0533F23DF48B100971DB0 /* AppDelegate.swift */; };
		DCA0534223DF48B100971DB0 /* SceneDelegate.swift in Sources */ = {isa = PBXBuildFile; fileRef = DCA0534123DF48B100971DB0 /* SceneDelegate.swift */; };
		DCA0534423DF48B100971DB0 /* ViewController.swift in Sources */ = {isa = PBXBuildFile; fileRef = DCA0534323DF48B100971DB0 /* ViewController.swift */; };
		DCA0534723DF48B100971DB0 /* Main.storyboard in Resources */ = {isa = PBXBuildFile; fileRef = DCA0534523DF48B100971DB0 /* Main.storyboard */; };
		DCA0534923DF48B100971DB0 /* Assets.xcassets in Resources */ = {isa = PBXBuildFile; fileRef = DCA0534823DF48B100971DB0 /* Assets.xcassets */; };
		DCA0534C23DF48B100971DB0 /* LaunchScreen.storyboard in Resources */ = {isa = PBXBuildFile; fileRef = DCA0534A23DF48B100971DB0 /* LaunchScreen.storyboard */; };
		DCA0536223DF48CE00971DB0 /* b.swift in Sources */ = {isa = PBXBuildFile; fileRef = DCA0535523DF48CE00971DB0 /* b.swift */; };
		DCA0536323DF48CE00971DB0 /* a.xib in Resources */ = {isa = PBXBuildFile; fileRef = DCA0535623DF48CE00971DB0 /* a.xib */; };
		DCA0536423DF48CE00971DB0 /* b.xib in Resources */ = {isa = PBXBuildFile; fileRef = DCA0535723DF48CE00971DB0 /* b.xib */; };
		DCA0536523DF48CE00971DB0 /* c.xib in Resources */ = {isa = PBXBuildFile; fileRef = DCA0535823DF48CE00971DB0 /* c.xib */; };
		DCA0536623DF48CE00971DB0 /* c.swift in Sources */ = {isa = PBXBuildFile; fileRef = DCA0535923DF48CE00971DB0 /* c.swift */; };
		DCA0536723DF48CE00971DB0 /* a.swift in Sources */ = {isa = PBXBuildFile; fileRef = DCA0535A23DF48CE00971DB0 /* a.swift */; };
		DCA0536823DF48CE00971DB0 /* f.xib in Resources */ = {isa = PBXBuildFile; fileRef = DCA0535C23DF48CE00971DB0 /* f.xib */; };
		DCA0536923DF48CE00971DB0 /* d.xib in Resources */ = {isa = PBXBuildFile; fileRef = DCA0535D23DF48CE00971DB0 /* d.xib */; };
		DCA0536A23DF48CE00971DB0 /* e.xib in Resources */ = {isa = PBXBuildFile; fileRef = DCA0535E23DF48CE00971DB0 /* e.xib */; };
		DCA0536B23DF48CE00971DB0 /* f.swift in Sources */ = {isa = PBXBuildFile; fileRef = DCA0535F23DF48CE00971DB0 /* f.swift */; };
		DCA0536C23DF48CE00971DB0 /* d.swift in Sources */ = {isa = PBXBuildFile; fileRef = DCA0536023DF48CE00971DB0 /* d.swift */; };
		DCA0536D23DF48CE00971DB0 /* e.swift in Sources */ = {isa = PBXBuildFile; fileRef = DCA0536123DF48CE00971DB0 /* e.swift */; };
		DCA0537023DF491700971DB0 /* VerticalStackView.swift in Sources */ = {isa = PBXBuildFile; fileRef = DCA0536F23DF491700971DB0 /* VerticalStackView.swift */; };
		DCA0537223DF492300971DB0 /* HorizontalStackView.swift in Sources */ = {isa = PBXBuildFile; fileRef = DCA0537123DF492300971DB0 /* HorizontalStackView.swift */; };
/* End PBXBuildFile section */

/* Begin PBXFileReference section */
		DCA0533C23DF48B100971DB0 /* StackAlternatives.app */ = {isa = PBXFileReference; explicitFileType = wrapper.application; includeInIndex = 0; path = StackAlternatives.app; sourceTree = BUILT_PRODUCTS_DIR; };
		DCA0533F23DF48B100971DB0 /* AppDelegate.swift */ = {isa = PBXFileReference; lastKnownFileType = sourcecode.swift; path = AppDelegate.swift; sourceTree = "<group>"; };
		DCA0534123DF48B100971DB0 /* SceneDelegate.swift */ = {isa = PBXFileReference; lastKnownFileType = sourcecode.swift; path = SceneDelegate.swift; sourceTree = "<group>"; };
		DCA0534323DF48B100971DB0 /* ViewController.swift */ = {isa = PBXFileReference; lastKnownFileType = sourcecode.swift; path = ViewController.swift; sourceTree = "<group>"; };
		DCA0534623DF48B100971DB0 /* Base */ = {isa = PBXFileReference; lastKnownFileType = file.storyboard; name = Base; path = Base.lproj/Main.storyboard; sourceTree = "<group>"; };
		DCA0534823DF48B100971DB0 /* Assets.xcassets */ = {isa = PBXFileReference; lastKnownFileType = folder.assetcatalog; path = Assets.xcassets; sourceTree = "<group>"; };
		DCA0534B23DF48B100971DB0 /* Base */ = {isa = PBXFileReference; lastKnownFileType = file.storyboard; name = Base; path = Base.lproj/LaunchScreen.storyboard; sourceTree = "<group>"; };
		DCA0534D23DF48B100971DB0 /* Info.plist */ = {isa = PBXFileReference; lastKnownFileType = text.plist.xml; path = Info.plist; sourceTree = "<group>"; };
		DCA0535523DF48CE00971DB0 /* b.swift */ = {isa = PBXFileReference; fileEncoding = 4; lastKnownFileType = sourcecode.swift; path = b.swift; sourceTree = "<group>"; };
		DCA0535623DF48CE00971DB0 /* a.xib */ = {isa = PBXFileReference; fileEncoding = 4; lastKnownFileType = file.xib; path = a.xib; sourceTree = "<group>"; };
		DCA0535723DF48CE00971DB0 /* b.xib */ = {isa = PBXFileReference; fileEncoding = 4; lastKnownFileType = file.xib; path = b.xib; sourceTree = "<group>"; };
		DCA0535823DF48CE00971DB0 /* c.xib */ = {isa = PBXFileReference; fileEncoding = 4; lastKnownFileType = file.xib; path = c.xib; sourceTree = "<group>"; };
		DCA0535923DF48CE00971DB0 /* c.swift */ = {isa = PBXFileReference; fileEncoding = 4; lastKnownFileType = sourcecode.swift; path = c.swift; sourceTree = "<group>"; };
		DCA0535A23DF48CE00971DB0 /* a.swift */ = {isa = PBXFileReference; fileEncoding = 4; lastKnownFileType = sourcecode.swift; path = a.swift; sourceTree = "<group>"; };
		DCA0535C23DF48CE00971DB0 /* f.xib */ = {isa = PBXFileReference; fileEncoding = 4; lastKnownFileType = file.xib; path = f.xib; sourceTree = "<group>"; };
		DCA0535D23DF48CE00971DB0 /* d.xib */ = {isa = PBXFileReference; fileEncoding = 4; lastKnownFileType = file.xib; path = d.xib; sourceTree = "<group>"; };
		DCA0535E23DF48CE00971DB0 /* e.xib */ = {isa = PBXFileReference; fileEncoding = 4; lastKnownFileType = file.xib; path = e.xib; sourceTree = "<group>"; };
		DCA0535F23DF48CE00971DB0 /* f.swift */ = {isa = PBXFileReference; fileEncoding = 4; lastKnownFileType = sourcecode.swift; path = f.swift; sourceTree = "<group>"; };
		DCA0536023DF48CE00971DB0 /* d.swift */ = {isa = PBXFileReference; fileEncoding = 4; lastKnownFileType = sourcecode.swift; path = d.swift; sourceTree = "<group>"; };
		DCA0536123DF48CE00971DB0 /* e.swift */ = {isa = PBXFileReference; fileEncoding = 4; lastKnownFileType = sourcecode.swift; path = e.swift; sourceTree = "<group>"; };
		DCA0536F23DF491700971DB0 /* VerticalStackView.swift */ = {isa = PBXFileReference; fileEncoding = 4; lastKnownFileType = sourcecode.swift; path = VerticalStackView.swift; sourceTree = "<group>"; };
		DCA0537123DF492300971DB0 /* HorizontalStackView.swift */ = {isa = PBXFileReference; fileEncoding = 4; lastKnownFileType = sourcecode.swift; path = HorizontalStackView.swift; sourceTree = "<group>"; };
/* End PBXFileReference section */

/* Begin PBXFrameworksBuildPhase section */
		DCA0533923DF48B100971DB0 /* Frameworks */ = {
			isa = PBXFrameworksBuildPhase;
			buildActionMask = 2147483647;
			files = (
			);
			runOnlyForDeploymentPostprocessing = 0;
		};
/* End PBXFrameworksBuildPhase section */

/* Begin PBXGroup section */
		DCA0533323DF48B100971DB0 = {
			isa = PBXGroup;
			children = (
				DCA0533E23DF48B100971DB0 /* StackAlternatives */,
				DCA0533D23DF48B100971DB0 /* Products */,
			);
			sourceTree = "<group>";
		};
		DCA0533D23DF48B100971DB0 /* Products */ = {
			isa = PBXGroup;
			children = (
				DCA0533C23DF48B100971DB0 /* StackAlternatives.app */,
			);
			name = Products;
			sourceTree = "<group>";
		};
		DCA0533E23DF48B100971DB0 /* StackAlternatives */ = {
			isa = PBXGroup;
			children = (
				DCA0535323DF48CE00971DB0 /* Views */,
				DCA0533F23DF48B100971DB0 /* AppDelegate.swift */,
				DCA0534123DF48B100971DB0 /* SceneDelegate.swift */,
				DCA0534323DF48B100971DB0 /* ViewController.swift */,
				DCA0534523DF48B100971DB0 /* Main.storyboard */,
				DCA0534823DF48B100971DB0 /* Assets.xcassets */,
				DCA0534A23DF48B100971DB0 /* LaunchScreen.storyboard */,
				DCA0534D23DF48B100971DB0 /* Info.plist */,
			);
			path = StackAlternatives;
			sourceTree = "<group>";
		};
		DCA0535323DF48CE00971DB0 /* Views */ = {
			isa = PBXGroup;
			children = (
				DCA0536E23DF48F800971DB0 /* Stack */,
				DCA0535423DF48CE00971DB0 /* Horizontal */,
				DCA0535B23DF48CE00971DB0 /* Vertical */,
			);
			path = Views;
			sourceTree = "<group>";
		};
		DCA0535423DF48CE00971DB0 /* Horizontal */ = {
			isa = PBXGroup;
			children = (
				DCA0535523DF48CE00971DB0 /* b.swift */,
				DCA0535623DF48CE00971DB0 /* a.xib */,
				DCA0535723DF48CE00971DB0 /* b.xib */,
				DCA0535823DF48CE00971DB0 /* c.xib */,
				DCA0535923DF48CE00971DB0 /* c.swift */,
				DCA0535A23DF48CE00971DB0 /* a.swift */,
			);
			path = Horizontal;
			sourceTree = "<group>";
		};
		DCA0535B23DF48CE00971DB0 /* Vertical */ = {
			isa = PBXGroup;
			children = (
				DCA0535C23DF48CE00971DB0 /* f.xib */,
				DCA0535D23DF48CE00971DB0 /* d.xib */,
				DCA0535E23DF48CE00971DB0 /* e.xib */,
				DCA0535F23DF48CE00971DB0 /* f.swift */,
				DCA0536023DF48CE00971DB0 /* d.swift */,
				DCA0536123DF48CE00971DB0 /* e.swift */,
			);
			path = Vertical;
			sourceTree = "<group>";
		};
		DCA0536E23DF48F800971DB0 /* Stack */ = {
			isa = PBXGroup;
			children = (
				DCA0537123DF492300971DB0 /* HorizontalStackView.swift */,
				DCA0536F23DF491700971DB0 /* VerticalStackView.swift */,
			);
			path = Stack;
			sourceTree = "<group>";
		};
/* End PBXGroup section */

/* Begin PBXNativeTarget section */
		DCA0533B23DF48B100971DB0 /* StackAlternatives */ = {
			isa = PBXNativeTarget;
			buildConfigurationList = DCA0535023DF48B100971DB0 /* Build configuration list for PBXNativeTarget "StackAlternatives" */;
			buildPhases = (
				DCA0533823DF48B100971DB0 /* Sources */,
				DCA0533923DF48B100971DB0 /* Frameworks */,
				DCA0533A23DF48B100971DB0 /* Resources */,
			);
			buildRules = (
			);
			dependencies = (
			);
			name = StackAlternatives;
			productName = StackAlternatives;
			productReference = DCA0533C23DF48B100971DB0 /* StackAlternatives.app */;
			productType = "com.apple.product-type.application";
		};
/* End PBXNativeTarget section */

/* Begin PBXProject section */
		DCA0533423DF48B100971DB0 /* Project object */ = {
			isa = PBXProject;
			attributes = {
				LastSwiftUpdateCheck = 1130;
				LastUpgradeCheck = 1130;
				ORGANIZATIONNAME = "Rotem Nevgauker";
				TargetAttributes = {
					DCA0533B23DF48B100971DB0 = {
						CreatedOnToolsVersion = 11.3;
					};
				};
			};
			buildConfigurationList = DCA0533723DF48B100971DB0 /* Build configuration list for PBXProject "StackAlternatives" */;
			compatibilityVersion = "Xcode 9.3";
			developmentRegion = en;
			hasScannedForEncodings = 0;
			knownRegions = (
				en,
				Base,
			);
			mainGroup = DCA0533323DF48B100971DB0;
			productRefGroup = DCA0533D23DF48B100971DB0 /* Products */;
			projectDirPath = "";
			projectRoot = "";
			targets = (
				DCA0533B23DF48B100971DB0 /* StackAlternatives */,
			);
		};
/* End PBXProject section */

/* Begin PBXResourcesBuildPhase section */
		DCA0533A23DF48B100971DB0 /* Resources */ = {
			isa = PBXResourcesBuildPhase;
			buildActionMask = 2147483647;
			files = (
				DCA0536A23DF48CE00971DB0 /* e.xib in Resources */,
				DCA0536823DF48CE00971DB0 /* f.xib in Resources */,
				DCA0534C23DF48B100971DB0 /* LaunchScreen.storyboard in Resources */,
				DCA0536923DF48CE00971DB0 /* d.xib in Resources */,
				DCA0534923DF48B100971DB0 /* Assets.xcassets in Resources */,
				DCA0536423DF48CE00971DB0 /* b.xib in Resources */,
				DCA0536523DF48CE00971DB0 /* c.xib in Resources */,
				DCA0534723DF48B100971DB0 /* Main.storyboard in Resources */,
				DCA0536323DF48CE00971DB0 /* a.xib in Resources */,
			);
			runOnlyForDeploymentPostprocessing = 0;
		};
/* End PBXResourcesBuildPhase section */

/* Begin PBXSourcesBuildPhase section */
		DCA0533823DF48B100971DB0 /* Sources */ = {
			isa = PBXSourcesBuildPhase;
			buildActionMask = 2147483647;
			files = (
				DCA0536623DF48CE00971DB0 /* c.swift in Sources */,
				DCA0536223DF48CE00971DB0 /* b.swift in Sources */,
				DCA0534423DF48B100971DB0 /* ViewController.swift in Sources */,
				DCA0536723DF48CE00971DB0 /* a.swift in Sources */,
				DCA0534023DF48B100971DB0 /* AppDelegate.swift in Sources */,
				DCA0536B23DF48CE00971DB0 /* f.swift in Sources */,
				DCA0536D23DF48CE00971DB0 /* e.swift in Sources */,
				DCA0536C23DF48CE00971DB0 /* d.swift in Sources */,
				DCA0534223DF48B100971DB0 /* SceneDelegate.swift in Sources */,
				DCA0537223DF492300971DB0 /* HorizontalStackView.swift in Sources */,
				DCA0537023DF491700971DB0 /* VerticalStackView.swift in Sources */,
			);
			runOnlyForDeploymentPostprocessing = 0;
		};
/* End PBXSourcesBuildPhase section */

/* Begin PBXVariantGroup section */
		DCA0534523DF48B100971DB0 /* Main.storyboard */ = {
			isa = PBXVariantGroup;
			children = (
				DCA0534623DF48B100971DB0 /* Base */,
			);
			name = Main.storyboard;
			sourceTree = "<group>";
		};
		DCA0534A23DF48B100971DB0 /* LaunchScreen.storyboard */ = {
			isa = PBXVariantGroup;
			children = (
				DCA0534B23DF48B100971DB0 /* Base */,
			);
			name = LaunchScreen.storyboard;
			sourceTree = "<group>";
		};
/* End PBXVariantGroup section */

/* Begin XCBuildConfiguration section */
		DCA0534E23DF48B100971DB0 /* Debug */ = {
			isa = XCBuildConfiguration;
			buildSettings = {
				ALWAYS_SEARCH_USER_PATHS = NO;
				CLANG_ANALYZER_NONNULL = YES;
				CLANG_ANALYZER_NUMBER_OBJECT_CONVERSION = YES_AGGRESSIVE;
				CLANG_CXX_LANGUAGE_STANDARD = "gnu++14";
				CLANG_CXX_LIBRARY = "libc++";
				CLANG_ENABLE_MODULES = YES;
				CLANG_ENABLE_OBJC_ARC = YES;
				CLANG_ENABLE_OBJC_WEAK = YES;
				CLANG_WARN_BLOCK_CAPTURE_AUTORELEASING = YES;
				CLANG_WARN_BOOL_CONVERSION = YES;
				CLANG_WARN_COMMA = YES;
				CLANG_WARN_CONSTANT_CONVERSION = YES;
				CLANG_WARN_DEPRECATED_OBJC_IMPLEMENTATIONS = YES;
				CLANG_WARN_DIRECT_OBJC_ISA_USAGE = YES_ERROR;
				CLANG_WARN_DOCUMENTATION_COMMENTS = YES;
				CLANG_WARN_EMPTY_BODY = YES;
				CLANG_WARN_ENUM_CONVERSION = YES;
				CLANG_WARN_INFINITE_RECURSION = YES;
				CLANG_WARN_INT_CONVERSION = YES;
				CLANG_WARN_NON_LITERAL_NULL_CONVERSION = YES;
				CLANG_WARN_OBJC_IMPLICIT_RETAIN_SELF = YES;
				CLANG_WARN_OBJC_LITERAL_CONVERSION = YES;
				CLANG_WARN_OBJC_ROOT_CLASS = YES_ERROR;
				CLANG_WARN_RANGE_LOOP_ANALYSIS = YES;
				CLANG_WARN_STRICT_PROTOTYPES = YES;
				CLANG_WARN_SUSPICIOUS_MOVE = YES;
				CLANG_WARN_UNGUARDED_AVAILABILITY = YES_AGGRESSIVE;
				CLANG_WARN_UNREACHABLE_CODE = YES;
				CLANG_WARN__DUPLICATE_METHOD_MATCH = YES;
				COPY_PHASE_STRIP = NO;
				DEBUG_INFORMATION_FORMAT = dwarf;
				ENABLE_STRICT_OBJC_MSGSEND = YES;
				ENABLE_TESTABILITY = YES;
				GCC_C_LANGUAGE_STANDARD = gnu11;
				GCC_DYNAMIC_NO_PIC = NO;
				GCC_NO_COMMON_BLOCKS = YES;
				GCC_OPTIMIZATION_LEVEL = 0;
				GCC_PREPROCESSOR_DEFINITIONS = (
					"DEBUG=1",
					"$(inherited)",
				);
				GCC_WARN_64_TO_32_BIT_CONVERSION = YES;
				GCC_WARN_ABOUT_RETURN_TYPE = YES_ERROR;
				GCC_WARN_UNDECLARED_SELECTOR = YES;
				GCC_WARN_UNINITIALIZED_AUTOS = YES_AGGRESSIVE;
				GCC_WARN_UNUSED_FUNCTION = YES;
				GCC_WARN_UNUSED_VARIABLE = YES;
				IPHONEOS_DEPLOYMENT_TARGET = 13.2;
				MTL_ENABLE_DEBUG_INFO = INCLUDE_SOURCE;
				MTL_FAST_MATH = YES;
				ONLY_ACTIVE_ARCH = YES;
				SDKROOT = iphoneos;
				SWIFT_ACTIVE_COMPILATION_CONDITIONS = DEBUG;
				SWIFT_OPTIMIZATION_LEVEL = "-Onone";
			};
			name = Debug;
		};
		DCA0534F23DF48B100971DB0 /* Release */ = {
			isa = XCBuildConfiguration;
			buildSettings = {
				ALWAYS_SEARCH_USER_PATHS = NO;
				CLANG_ANALYZER_NONNULL = YES;
				CLANG_ANALYZER_NUMBER_OBJECT_CONVERSION = YES_AGGRESSIVE;
				CLANG_CXX_LANGUAGE_STANDARD = "gnu++14";
				CLANG_CXX_LIBRARY = "libc++";
				CLANG_ENABLE_MODULES = YES;
				CLANG_ENABLE_OBJC_ARC = YES;
				CLANG_ENABLE_OBJC_WEAK = YES;
				CLANG_WARN_BLOCK_CAPTURE_AUTORELEASING = YES;
				CLANG_WARN_BOOL_CONVERSION = YES;
				CLANG_WARN_COMMA = YES;
				CLANG_WARN_CONSTANT_CONVERSION = YES;
				CLANG_WARN_DEPRECATED_OBJC_IMPLEMENTATIONS = YES;
				CLANG_WARN_DIRECT_OBJC_ISA_USAGE = YES_ERROR;
				CLANG_WARN_DOCUMENTATION_COMMENTS = YES;
				CLANG_WARN_EMPTY_BODY = YES;
				CLANG_WARN_ENUM_CONVERSION = YES;
				CLANG_WARN_INFINITE_RECURSION = YES;
				CLANG_WARN_INT_CONVERSION = YES;
				CLANG_WARN_NON_LITERAL_NULL_CONVERSION = YES;
				CLANG_WARN_OBJC_IMPLICIT_RETAIN_SELF = YES;
				CLANG_WARN_OBJC_LITERAL_CONVERSION = YES;
				CLANG_WARN_OBJC_ROOT_CLASS = YES_ERROR;
				CLANG_WARN_RANGE_LOOP_ANALYSIS = YES;
				CLANG_WARN_STRICT_PROTOTYPES = YES;
				CLANG_WARN_SUSPICIOUS_MOVE = YES;
				CLANG_WARN_UNGUARDED_AVAILABILITY = YES_AGGRESSIVE;
				CLANG_WARN_UNREACHABLE_CODE = YES;
				CLANG_WARN__DUPLICATE_METHOD_MATCH = YES;
				COPY_PHASE_STRIP = NO;
				DEBUG_INFORMATION_FORMAT = "dwarf-with-dsym";
				ENABLE_NS_ASSERTIONS = NO;
				ENABLE_STRICT_OBJC_MSGSEND = YES;
				GCC_C_LANGUAGE_STANDARD = gnu11;
				GCC_NO_COMMON_BLOCKS = YES;
				GCC_WARN_64_TO_32_BIT_CONVERSION = YES;
				GCC_WARN_ABOUT_RETURN_TYPE = YES_ERROR;
				GCC_WARN_UNDECLARED_SELECTOR = YES;
				GCC_WARN_UNINITIALIZED_AUTOS = YES_AGGRESSIVE;
				GCC_WARN_UNUSED_FUNCTION = YES;
				GCC_WARN_UNUSED_VARIABLE = YES;
				IPHONEOS_DEPLOYMENT_TARGET = 13.2;
				MTL_ENABLE_DEBUG_INFO = NO;
				MTL_FAST_MATH = YES;
				SDKROOT = iphoneos;
				SWIFT_COMPILATION_MODE = wholemodule;
				SWIFT_OPTIMIZATION_LEVEL = "-O";
				VALIDATE_PRODUCT = YES;
			};
			name = Release;
		};
		DCA0535123DF48B100971DB0 /* Debug */ = {
			isa = XCBuildConfiguration;
			buildSettings = {
				ASSETCATALOG_COMPILER_APPICON_NAME = AppIcon;
				CODE_SIGN_STYLE = Automatic;
				DEVELOPMENT_TEAM = 3978JEAFBL;
				INFOPLIST_FILE = StackAlternatives/Info.plist;
				LD_RUNPATH_SEARCH_PATHS = (
					"$(inherited)",
					"@executable_path/Frameworks",
				);
				PRODUCT_BUNDLE_IDENTIFIER = "Rotem-Nevgauker.StackAlternatives";
				PRODUCT_NAME = "$(TARGET_NAME)";
				SWIFT_VERSION = 5.0;
				TARGETED_DEVICE_FAMILY = "1,2";
			};
			name = Debug;
		};
		DCA0535223DF48B100971DB0 /* Release */ = {
			isa = XCBuildConfiguration;
			buildSettings = {
				ASSETCATALOG_COMPILER_APPICON_NAME = AppIcon;
				CODE_SIGN_STYLE = Automatic;
				DEVELOPMENT_TEAM = 3978JEAFBL;
				INFOPLIST_FILE = StackAlternatives/Info.plist;
				LD_RUNPATH_SEARCH_PATHS = (
					"$(inherited)",
					"@executable_path/Frameworks",
				);
				PRODUCT_BUNDLE_IDENTIFIER = "Rotem-Nevgauker.StackAlternatives";
				PRODUCT_NAME = "$(TARGET_NAME)";
				SWIFT_VERSION = 5.0;
				TARGETED_DEVICE_FAMILY = "1,2";
			};
			name = Release;
		};
/* End XCBuildConfiguration section */

/* Begin XCConfigurationList section */
		DCA0533723DF48B100971DB0 /* Build configuration list for PBXProject "StackAlternatives" */ = {
			isa = XCConfigurationList;
			buildConfigurations = (
				DCA0534E23DF48B100971DB0 /* Debug */,
				DCA0534F23DF48B100971DB0 /* Release */,
			);
			defaultConfigurationIsVisible = 0;
			defaultConfigurationName = Release;
		};
		DCA0535023DF48B100971DB0 /* Build configuration list for PBXNativeTarget "StackAlternatives" */ = {
			isa = XCConfigurationList;
			buildConfigurations = (
				DCA0535123DF48B100971DB0 /* Debug */,
				DCA0535223DF48B100971DB0 /* Release */,
			);
			defaultConfigurationIsVisible = 0;
			defaultConfigurationName = Release;
		};
/* End XCConfigurationList section */
	};
	rootObject = DCA0533423DF48B100971DB0 /* Project object */;
}
